
Microsoft Visual Studio Solution File, Format Version 12.00
# Visual Studio Version 16
VisualStudioVersion = 16.0.32602.291
MinimumVisualStudioVersion = 10.0.40219.1
Project("{9A19103F-16F7-4668-BE54-9A1E7A4F7556}") = "Calculator", "Calculator\Calculator.csproj", "{46971E87-E857-4322-AAD4-C44B2D02543A}"
EndProject
Project("{FAE04EC0-301F-11D3-BF4B-00C04F79EFBC}") = "Operations", "Operations\Operations.csproj", "{3F2240E0-8F42-473E-B678-CF1A119340B6}"
EndProject
Global
	GlobalSection(SolutionConfigurationPlatforms) = preSolution
		Debug|Any CPU = Debug|Any CPU
		Release|Any CPU = Release|Any CPU
	EndGlobalSection
	GlobalSection(ProjectConfigurationPlatforms) = postSolution
		{46971E87-E857-4322-AAD4-C44B2D02543A}.Debug|Any CPU.ActiveCfg = Debug|Any CPU
		{46971E87-E857-4322-AAD4-C44B2D02543A}.Debug|Any CPU.Build.0 = Debug|Any CPU
		{46971E87-E857-4322-AAD4-C44B2D02543A}.Release|Any CPU.ActiveCfg = Release|Any CPU
		{46971E87-E857-4322-AAD4-C44B2D02543A}.Release|Any CPU.Build.0 = Release|Any CPU
		{3F2240E0-8F42-473E-B678-CF1A119340B6}.Debug|Any CPU.ActiveCfg = Debug|Any CPU
		{3F2240E0-8F42-473E-B678-CF1A119340B6}.Debug|Any CPU.Build.0 = Debug|Any CPU
		{3F2240E0-8F42-473E-B678-CF1A119340B6}.Release|Any CPU.ActiveCfg = Release|Any CPU
		{3F2240E0-8F42-473E-B678-CF1A119340B6}.Release|Any CPU.Build.0 = Release|Any CPU
	EndGlobalSection
	GlobalSection(SolutionProperties) = preSolution
		HideSolutionNode = FALSE
	EndGlobalSection
	GlobalSection(ExtensibilityGlobals) = postSolution
		SolutionGuid = {27CA3464-ECDC-4506-A2F8-6AF489320A9A}
	EndGlobalSection
EndGlobal
